
Microsoft Visual Studio Solution File, Format Version 12.00
# Visual Studio Version 17
VisualStudioVersion = 17.11.35303.130
MinimumVisualStudioVersion = 10.0.40219.1
Project("{2150E333-8FDC-42A3-9474-1A3956D46DE8}") = "Task0", "Task0", "{46A0BDDF-2E27-45D1-9010-A17BC5F0B434}"
EndProject
Project("{9A19103F-16F7-4668-BE54-9A1E7A4F7556}") = "Tyuiu.BorkovNA.Sprint6.Task0.V22.Lib", "Tyuiu.BorkovNA.Sprint6.Task0.V22.Lib\Tyuiu.BorkovNA.Sprint6.Task0.V22.Lib.csproj", "{381B133A-7A4A-4F5F-B6D8-D7C1E6B35FC3}"
EndProject
Project("{9A19103F-16F7-4668-BE54-9A1E7A4F7556}") = "Tyuiu.BorkovNA.Sprint6.Task0.V22.Test", "Tyuiu.BorkovNA.Sprint6.Task0.V22.Test\Tyuiu.BorkovNA.Sprint6.Task0.V22.Test.csproj", "{2912E42D-F282-4672-8A1C-B12747CDC2B7}"
EndProject
Project("{2150E333-8FDC-42A3-9474-1A3956D46DE8}") = "Task1", "Task1", "{FB6620E4-CE9C-4255-96A7-8E9D65573783}"
EndProject
Project("{2150E333-8FDC-42A3-9474-1A3956D46DE8}") = "Task2", "Task2", "{056E50F8-A4B0-4B4A-A8F5-C6CE4D985EAB}"
EndProject
Project("{2150E333-8FDC-42A3-9474-1A3956D46DE8}") = "Task3", "Task3", "{3C73B094-ACF2-41F1-A1D1-1A6AE43C2EAD}"
EndProject
Project("{2150E333-8FDC-42A3-9474-1A3956D46DE8}") = "Task4", "Task4", "{7C1DA568-E9F4-4508-84DD-27920B7A967B}"
EndProject
Project("{2150E333-8FDC-42A3-9474-1A3956D46DE8}") = "Task5", "Task5", "{BEDA4CF4-5A31-4E52-9E7D-E64427B11627}"
EndProject
Project("{2150E333-8FDC-42A3-9474-1A3956D46DE8}") = "Task6", "Task6", "{959C3451-DF25-46C0-BCBA-D6C0E28E2612}"
EndProject
Project("{2150E333-8FDC-42A3-9474-1A3956D46DE8}") = "Task7", "Task7", "{3FA2A8B9-95AA-4C3D-9D68-FC796EED58A5}"
EndProject
Project("{9A19103F-16F7-4668-BE54-9A1E7A4F7556}") = "Tyuiu.BorkovNA.Sprint6.Task1.V16.Lib", "Tyuiu.BorkovNA.Sprint6.Task1.V16.Lib\Tyuiu.BorkovNA.Sprint6.Task1.V16.Lib.csproj", "{EE6CA9A4-C58A-4B16-B79E-45ADF19CF39B}"
EndProject
Project("{9A19103F-16F7-4668-BE54-9A1E7A4F7556}") = "Tyuiu.BorkovNA.Sprint6.Task1.V16.Test", "Tyuiu.BorkovNA.Sprint6.Task1.V16.Test\Tyuiu.BorkovNA.Sprint6.Task1.V16.Test.csproj", "{D2D594AC-BF27-4547-8C79-DE0D223B64DC}"
EndProject
Project("{9A19103F-16F7-4668-BE54-9A1E7A4F7556}") = "Tyuiu.BorkovNA.Sprint6.Task2.V22.Lib", "Tyuiu.BorkovNA.Sprint6.Task2.V22.Lib\Tyuiu.BorkovNA.Sprint6.Task2.V22.Lib.csproj", "{DE523036-C495-4FD7-9C31-E7AA401AB962}"
EndProject
Project("{9A19103F-16F7-4668-BE54-9A1E7A4F7556}") = "Tyuiu.BorkovNA.Sprint6.Task2.V22.Test", "Tyuiu.BorkovNA.Sprint6.Task2.V22.Test\Tyuiu.BorkovNA.Sprint6.Task2.V22.Test.csproj", "{2DFAED70-07B0-4359-8360-F46685524824}"
EndProject
Project("{9A19103F-16F7-4668-BE54-9A1E7A4F7556}") = "Tyuiu.BorkovNA.Sprint6.Task3.V29.Lib", "Tyuiu.BorkovNA.Sprint6.Task3.V29.Lib\Tyuiu.BorkovNA.Sprint6.Task3.V29.Lib.csproj", "{29EB4941-0FD6-486A-8494-4C6092A6F7EE}"
EndProject
Project("{9A19103F-16F7-4668-BE54-9A1E7A4F7556}") = "Tyuiu.BorkovNA.Sprint6.Task3.V29.Test", "Tyuiu.BorkovNA.Sprint6.Task3.V29.Test\Tyuiu.BorkovNA.Sprint6.Task3.V29.Test.csproj", "{0AA317FE-D135-4BD1-8FBC-09C5E9D9685A}"
EndProject
Project("{FAE04EC0-301F-11D3-BF4B-00C04F79EFBC}") = "Tyuiu.BorkovNA.Sprint6.Task0.V22", "Tyuiu.BorkovNA.Sprint6.Task0.V22\Tyuiu.BorkovNA.Sprint6.Task0.V22.csproj", "{B386A0C3-C5C3-4630-A2DE-E392CEA0FD2B}"
EndProject
Project("{FAE04EC0-301F-11D3-BF4B-00C04F79EFBC}") = "Tyuiu.BorkovNA.Sprint6.Task1.V16", "Tyuiu.BorkovNA.Sprint6.Task1.V16\Tyuiu.BorkovNA.Sprint6.Task1.V16.csproj", "{39D72DD5-B05F-4C83-BBAB-08A44BA26EA6}"
EndProject
Project("{FAE04EC0-301F-11D3-BF4B-00C04F79EFBC}") = "Tyuiu.BorkovNA.Sprint6.Task2.V22", "Tyuiu.BorkovNA.Sprint6.Task2.V22\Tyuiu.BorkovNA.Sprint6.Task2.V22.csproj", "{6F4A0391-21E1-446D-BED7-BA3213DEA858}"
EndProject
Global
	GlobalSection(SolutionConfigurationPlatforms) = preSolution
		Debug|Any CPU = Debug|Any CPU
		Release|Any CPU = Release|Any CPU
	EndGlobalSection
	GlobalSection(ProjectConfigurationPlatforms) = postSolution
		{381B133A-7A4A-4F5F-B6D8-D7C1E6B35FC3}.Debug|Any CPU.ActiveCfg = Debug|Any CPU
		{381B133A-7A4A-4F5F-B6D8-D7C1E6B35FC3}.Debug|Any CPU.Build.0 = Debug|Any CPU
		{381B133A-7A4A-4F5F-B6D8-D7C1E6B35FC3}.Release|Any CPU.ActiveCfg = Release|Any CPU
		{381B133A-7A4A-4F5F-B6D8-D7C1E6B35FC3}.Release|Any CPU.Build.0 = Release|Any CPU
		{2912E42D-F282-4672-8A1C-B12747CDC2B7}.Debug|Any CPU.ActiveCfg = Debug|Any CPU
		{2912E42D-F282-4672-8A1C-B12747CDC2B7}.Debug|Any CPU.Build.0 = Debug|Any CPU
		{2912E42D-F282-4672-8A1C-B12747CDC2B7}.Release|Any CPU.ActiveCfg = Release|Any CPU
		{2912E42D-F282-4672-8A1C-B12747CDC2B7}.Release|Any CPU.Build.0 = Release|Any CPU
		{EE6CA9A4-C58A-4B16-B79E-45ADF19CF39B}.Debug|Any CPU.ActiveCfg = Debug|Any CPU
		{EE6CA9A4-C58A-4B16-B79E-45ADF19CF39B}.Debug|Any CPU.Build.0 = Debug|Any CPU
		{EE6CA9A4-C58A-4B16-B79E-45ADF19CF39B}.Release|Any CPU.ActiveCfg = Release|Any CPU
		{EE6CA9A4-C58A-4B16-B79E-45ADF19CF39B}.Release|Any CPU.Build.0 = Release|Any CPU
		{D2D594AC-BF27-4547-8C79-DE0D223B64DC}.Debug|Any CPU.ActiveCfg = Debug|Any CPU
		{D2D594AC-BF27-4547-8C79-DE0D223B64DC}.Debug|Any CPU.Build.0 = Debug|Any CPU
		{D2D594AC-BF27-4547-8C79-DE0D223B64DC}.Release|Any CPU.ActiveCfg = Release|Any CPU
		{D2D594AC-BF27-4547-8C79-DE0D223B64DC}.Release|Any CPU.Build.0 = Release|Any CPU
		{DE523036-C495-4FD7-9C31-E7AA401AB962}.Debug|Any CPU.ActiveCfg = Debug|Any CPU
		{DE523036-C495-4FD7-9C31-E7AA401AB962}.Debug|Any CPU.Build.0 = Debug|Any CPU
		{DE523036-C495-4FD7-9C31-E7AA401AB962}.Release|Any CPU.ActiveCfg = Release|Any CPU
		{DE523036-C495-4FD7-9C31-E7AA401AB962}.Release|Any CPU.Build.0 = Release|Any CPU
		{2DFAED70-07B0-4359-8360-F46685524824}.Debug|Any CPU.ActiveCfg = Debug|Any CPU
		{2DFAED70-07B0-4359-8360-F46685524824}.Debug|Any CPU.Build.0 = Debug|Any CPU
		{2DFAED70-07B0-4359-8360-F46685524824}.Release|Any CPU.ActiveCfg = Release|Any CPU
		{2DFAED70-07B0-4359-8360-F46685524824}.Release|Any CPU.Build.0 = Release|Any CPU
		{29EB4941-0FD6-486A-8494-4C6092A6F7EE}.Debug|Any CPU.ActiveCfg = Debug|Any CPU
		{29EB4941-0FD6-486A-8494-4C6092A6F7EE}.Debug|Any CPU.Build.0 = Debug|Any CPU
		{29EB4941-0FD6-486A-8494-4C6092A6F7EE}.Release|Any CPU.ActiveCfg = Release|Any CPU
		{29EB4941-0FD6-486A-8494-4C6092A6F7EE}.Release|Any CPU.Build.0 = Release|Any CPU
		{0AA317FE-D135-4BD1-8FBC-09C5E9D9685A}.Debug|Any CPU.ActiveCfg = Debug|Any CPU
		{0AA317FE-D135-4BD1-8FBC-09C5E9D9685A}.Debug|Any CPU.Build.0 = Debug|Any CPU
		{0AA317FE-D135-4BD1-8FBC-09C5E9D9685A}.Release|Any CPU.ActiveCfg = Release|Any CPU
		{0AA317FE-D135-4BD1-8FBC-09C5E9D9685A}.Release|Any CPU.Build.0 = Release|Any CPU
		{B386A0C3-C5C3-4630-A2DE-E392CEA0FD2B}.Debug|Any CPU.ActiveCfg = Debug|Any CPU
		{B386A0C3-C5C3-4630-A2DE-E392CEA0FD2B}.Debug|Any CPU.Build.0 = Debug|Any CPU
		{B386A0C3-C5C3-4630-A2DE-E392CEA0FD2B}.Release|Any CPU.ActiveCfg = Release|Any CPU
		{B386A0C3-C5C3-4630-A2DE-E392CEA0FD2B}.Release|Any CPU.Build.0 = Release|Any CPU
		{39D72DD5-B05F-4C83-BBAB-08A44BA26EA6}.Debug|Any CPU.ActiveCfg = Debug|Any CPU
		{39D72DD5-B05F-4C83-BBAB-08A44BA26EA6}.Debug|Any CPU.Build.0 = Debug|Any CPU
		{39D72DD5-B05F-4C83-BBAB-08A44BA26EA6}.Release|Any CPU.ActiveCfg = Release|Any CPU
		{39D72DD5-B05F-4C83-BBAB-08A44BA26EA6}.Release|Any CPU.Build.0 = Release|Any CPU
		{6F4A0391-21E1-446D-BED7-BA3213DEA858}.Debug|Any CPU.ActiveCfg = Debug|Any CPU
		{6F4A0391-21E1-446D-BED7-BA3213DEA858}.Debug|Any CPU.Build.0 = Debug|Any CPU
		{6F4A0391-21E1-446D-BED7-BA3213DEA858}.Release|Any CPU.ActiveCfg = Release|Any CPU
		{6F4A0391-21E1-446D-BED7-BA3213DEA858}.Release|Any CPU.Build.0 = Release|Any CPU
	EndGlobalSection
	GlobalSection(SolutionProperties) = preSolution
		HideSolutionNode = FALSE
	EndGlobalSection
	GlobalSection(NestedProjects) = preSolution
		{381B133A-7A4A-4F5F-B6D8-D7C1E6B35FC3} = {46A0BDDF-2E27-45D1-9010-A17BC5F0B434}
		{2912E42D-F282-4672-8A1C-B12747CDC2B7} = {46A0BDDF-2E27-45D1-9010-A17BC5F0B434}
		{EE6CA9A4-C58A-4B16-B79E-45ADF19CF39B} = {FB6620E4-CE9C-4255-96A7-8E9D65573783}
		{D2D594AC-BF27-4547-8C79-DE0D223B64DC} = {FB6620E4-CE9C-4255-96A7-8E9D65573783}
		{DE523036-C495-4FD7-9C31-E7AA401AB962} = {056E50F8-A4B0-4B4A-A8F5-C6CE4D985EAB}
		{2DFAED70-07B0-4359-8360-F46685524824} = {056E50F8-A4B0-4B4A-A8F5-C6CE4D985EAB}
		{29EB4941-0FD6-486A-8494-4C6092A6F7EE} = {3C73B094-ACF2-41F1-A1D1-1A6AE43C2EAD}
		{0AA317FE-D135-4BD1-8FBC-09C5E9D9685A} = {3C73B094-ACF2-41F1-A1D1-1A6AE43C2EAD}
		{B386A0C3-C5C3-4630-A2DE-E392CEA0FD2B} = {46A0BDDF-2E27-45D1-9010-A17BC5F0B434}
		{39D72DD5-B05F-4C83-BBAB-08A44BA26EA6} = {FB6620E4-CE9C-4255-96A7-8E9D65573783}
		{6F4A0391-21E1-446D-BED7-BA3213DEA858} = {056E50F8-A4B0-4B4A-A8F5-C6CE4D985EAB}
	EndGlobalSection
	GlobalSection(ExtensibilityGlobals) = postSolution
		SolutionGuid = {12527C1F-2300-42E3-9F50-72366C03DEC6}
	EndGlobalSection
EndGlobal
